
Microsoft Visual Studio Solution File, Format Version 12.00
# Visual Studio Version 16
VisualStudioVersion = 16.0.31129.286
MinimumVisualStudioVersion = 10.0.40219.1
Project("{9A19103F-16F7-4668-BE54-9A1E7A4F7556}") = "KopiLua", "KopiLua\KopiLua.csproj", "{A1BACAE0-966F-448C-971A-FFE1F045146B}"
EndProject
Global
	GlobalSection(SolutionConfigurationPlatforms) = preSolution
		Debug|Any CPU = Debug|Any CPU
		Release|Any CPU = Release|Any CPU
	EndGlobalSection
	GlobalSection(ProjectConfigurationPlatforms) = postSolution
		{A1BACAE0-966F-448C-971A-FFE1F045146B}.Debug|Any CPU.ActiveCfg = Debug|Any CPU
		{A1BACAE0-966F-448C-971A-FFE1F045146B}.Debug|Any CPU.Build.0 = Debug|Any CPU
		{A1BACAE0-966F-448C-971A-FFE1F045146B}.Release|Any CPU.ActiveCfg = Release|Any CPU
		{A1BACAE0-966F-448C-971A-FFE1F045146B}.Release|Any CPU.Build.0 = Release|Any CPU
	EndGlobalSection
	GlobalSection(SolutionProperties) = preSolution
		HideSolutionNode = FALSE
	EndGlobalSection
	GlobalSection(ExtensibilityGlobals) = postSolution
		SolutionGuid = {6D33F505-C690-4051-A4A4-9BEFA221A7A8}
	EndGlobalSection
EndGlobal
